
Microsoft Visual Studio Solution File, Format Version 12.00
# Visual Studio Version 16
VisualStudioVersion = 16.0.29519.181
MinimumVisualStudioVersion = 10.0.40219.1
Project("{8BC9CEB8-8B4A-11D0-8D11-00A0C91BC942}") = "Dziedziczenie_Dynamiczny_Przydzial_Pamieci", "Dziedziczenie_Dynamiczny_Przydzial_Pamieci.vcxproj", "{406459F1-0FC2-41F0-BC29-2A5C1DB4006B}"
EndProject
Global
	GlobalSection(SolutionConfigurationPlatforms) = preSolution
		Debug|x64 = Debug|x64
		Debug|x86 = Debug|x86
		Release|x64 = Release|x64
		Release|x86 = Release|x86
	EndGlobalSection
	GlobalSection(ProjectConfigurationPlatforms) = postSolution
		{406459F1-0FC2-41F0-BC29-2A5C1DB4006B}.Debug|x64.ActiveCfg = Debug|x64
		{406459F1-0FC2-41F0-BC29-2A5C1DB4006B}.Debug|x64.Build.0 = Debug|x64
		{406459F1-0FC2-41F0-BC29-2A5C1DB4006B}.Debug|x86.ActiveCfg = Debug|Win32
		{406459F1-0FC2-41F0-BC29-2A5C1DB4006B}.Debug|x86.Build.0 = Debug|Win32
		{406459F1-0FC2-41F0-BC29-2A5C1DB4006B}.Release|x64.ActiveCfg = Release|x64
		{406459F1-0FC2-41F0-BC29-2A5C1DB4006B}.Release|x64.Build.0 = Release|x64
		{406459F1-0FC2-41F0-BC29-2A5C1DB4006B}.Release|x86.ActiveCfg = Release|Win32
		{406459F1-0FC2-41F0-BC29-2A5C1DB4006B}.Release|x86.Build.0 = Release|Win32
	EndGlobalSection
	GlobalSection(SolutionProperties) = preSolution
		HideSolutionNode = FALSE
	EndGlobalSection
	GlobalSection(ExtensibilityGlobals) = postSolution
		SolutionGuid = {56242C8C-7AD0-4D24-A31B-BDFB8F3DC9BB}
	EndGlobalSection
EndGlobal
